
Microsoft Visual Studio Solution File, Format Version 12.00
# Visual Studio Version 17
VisualStudioVersion = 17.1.32210.238
MinimumVisualStudioVersion = 10.0.40219.1
Project("{FAE04EC0-301F-11D3-BF4B-00C04F79EFBC}") = "API_Banco", "API_Banco.csproj", "{F44587C5-4903-47B3-9304-CC2713D1CD8D}"
EndProject
Global
	GlobalSection(SolutionConfigurationPlatforms) = preSolution
		Debug|Any CPU = Debug|Any CPU
		Release|Any CPU = Release|Any CPU
	EndGlobalSection
	GlobalSection(ProjectConfigurationPlatforms) = postSolution
		{F44587C5-4903-47B3-9304-CC2713D1CD8D}.Debug|Any CPU.ActiveCfg = Debug|Any CPU
		{F44587C5-4903-47B3-9304-CC2713D1CD8D}.Debug|Any CPU.Build.0 = Debug|Any CPU
		{F44587C5-4903-47B3-9304-CC2713D1CD8D}.Release|Any CPU.ActiveCfg = Release|Any CPU
		{F44587C5-4903-47B3-9304-CC2713D1CD8D}.Release|Any CPU.Build.0 = Release|Any CPU
	EndGlobalSection
	GlobalSection(SolutionProperties) = preSolution
		HideSolutionNode = FALSE
	EndGlobalSection
	GlobalSection(ExtensibilityGlobals) = postSolution
		SolutionGuid = {F68C1275-C86F-4BFC-8BDB-2EAC746E77F5}
	EndGlobalSection
EndGlobal
